
Microsoft Visual Studio Solution File, Format Version 12.00
# Visual Studio Version 17
VisualStudioVersion = 17.9.34616.47
MinimumVisualStudioVersion = 10.0.40219.1
Project("{FAE04EC0-301F-11D3-BF4B-00C04F79EFBC}") = "CalcularIMC", "CalcularIMC\CalcularIMC.csproj", "{2E3000EB-D71A-4124-B587-4A07A922AFE6}"
EndProject
Global
	GlobalSection(SolutionConfigurationPlatforms) = preSolution
		Debug|Any CPU = Debug|Any CPU
		Release|Any CPU = Release|Any CPU
	EndGlobalSection
	GlobalSection(ProjectConfigurationPlatforms) = postSolution
		{2E3000EB-D71A-4124-B587-4A07A922AFE6}.Debug|Any CPU.ActiveCfg = Debug|Any CPU
		{2E3000EB-D71A-4124-B587-4A07A922AFE6}.Debug|Any CPU.Build.0 = Debug|Any CPU
		{2E3000EB-D71A-4124-B587-4A07A922AFE6}.Release|Any CPU.ActiveCfg = Release|Any CPU
		{2E3000EB-D71A-4124-B587-4A07A922AFE6}.Release|Any CPU.Build.0 = Release|Any CPU
	EndGlobalSection
	GlobalSection(SolutionProperties) = preSolution
		HideSolutionNode = FALSE
	EndGlobalSection
	GlobalSection(ExtensibilityGlobals) = postSolution
		SolutionGuid = {116D2D9B-962A-4EF3-894E-B7FD67E955CA}
	EndGlobalSection
EndGlobal
