
Microsoft Visual Studio Solution File, Format Version 12.00
# Visual Studio Version 17
VisualStudioVersion = 17.8.34408.163
MinimumVisualStudioVersion = 10.0.40219.1
Project("{FAE04EC0-301F-11D3-BF4B-00C04F79EFBC}") = "ConversordeMoeda", "ConversordeMoeda\ConversordeMoeda.csproj", "{BD6B1452-B8F2-4958-983D-EDC487D8CC9F}"
EndProject
Global
	GlobalSection(SolutionConfigurationPlatforms) = preSolution
		Debug|Any CPU = Debug|Any CPU
		Release|Any CPU = Release|Any CPU
	EndGlobalSection
	GlobalSection(ProjectConfigurationPlatforms) = postSolution
		{BD6B1452-B8F2-4958-983D-EDC487D8CC9F}.Debug|Any CPU.ActiveCfg = Debug|Any CPU
		{BD6B1452-B8F2-4958-983D-EDC487D8CC9F}.Debug|Any CPU.Build.0 = Debug|Any CPU
		{BD6B1452-B8F2-4958-983D-EDC487D8CC9F}.Release|Any CPU.ActiveCfg = Release|Any CPU
		{BD6B1452-B8F2-4958-983D-EDC487D8CC9F}.Release|Any CPU.Build.0 = Release|Any CPU
	EndGlobalSection
	GlobalSection(SolutionProperties) = preSolution
		HideSolutionNode = FALSE
	EndGlobalSection
	GlobalSection(ExtensibilityGlobals) = postSolution
		SolutionGuid = {A195C477-6ADD-49A9-B282-54AB5131CBF0}
	EndGlobalSection
EndGlobal
