
Microsoft Visual Studio Solution File, Format Version 12.00
# Visual Studio Version 17
VisualStudioVersion = 17.8.34408.163
MinimumVisualStudioVersion = 10.0.40219.1
Project("{FAE04EC0-301F-11D3-BF4B-00C04F79EFBC}") = "CalculadoraDeHipoteca", "CalculadoraDeHipoteca\CalculadoraDeHipoteca.csproj", "{5A577B05-1C90-41D6-8059-A5819CF688BE}"
EndProject
Global
	GlobalSection(SolutionConfigurationPlatforms) = preSolution
		Debug|Any CPU = Debug|Any CPU
		Release|Any CPU = Release|Any CPU
	EndGlobalSection
	GlobalSection(ProjectConfigurationPlatforms) = postSolution
		{5A577B05-1C90-41D6-8059-A5819CF688BE}.Debug|Any CPU.ActiveCfg = Debug|Any CPU
		{5A577B05-1C90-41D6-8059-A5819CF688BE}.Debug|Any CPU.Build.0 = Debug|Any CPU
		{5A577B05-1C90-41D6-8059-A5819CF688BE}.Release|Any CPU.ActiveCfg = Release|Any CPU
		{5A577B05-1C90-41D6-8059-A5819CF688BE}.Release|Any CPU.Build.0 = Release|Any CPU
	EndGlobalSection
	GlobalSection(SolutionProperties) = preSolution
		HideSolutionNode = FALSE
	EndGlobalSection
	GlobalSection(ExtensibilityGlobals) = postSolution
		SolutionGuid = {B4D6B020-34DF-41B2-91F4-3A2F1BAE448F}
	EndGlobalSection
EndGlobal
